
Microsoft Visual Studio Solution File, Format Version 12.00
# Visual Studio Version 17
VisualStudioVersion = 17.11.35312.102
MinimumVisualStudioVersion = 10.0.40219.1
Project("{FAE04EC0-301F-11D3-BF4B-00C04F79EFBC}") = "API", "API\API.csproj", "{C5C9DB40-CECD-4F25-B832-53CC92C67DA2}"
EndProject
Project("{2150E333-8FDC-42A3-9474-1A3956D46DE8}") = "1 - API", "1 - API", "{65B76C86-E39D-4287-850D-1B7A4AC7FD3A}"
EndProject
Project("{2150E333-8FDC-42A3-9474-1A3956D46DE8}") = "2 - Domain", "2 - Domain", "{0FF39524-3AA5-47CC-81B0-9F789664D7A9}"
EndProject
Project("{2150E333-8FDC-42A3-9474-1A3956D46DE8}") = "3 - Entities", "3 - Entities", "{AFF6B4D7-4A00-48B6-A18E-AC6DBA0AD916}"
EndProject
Project("{2150E333-8FDC-42A3-9474-1A3956D46DE8}") = "4 - Infra", "4 - Infra", "{6DCB0EAA-9C1E-4338-9DE7-9F1525496020}"
EndProject
Project("{2150E333-8FDC-42A3-9474-1A3956D46DE8}") = "5 - Helpers", "5 - Helpers", "{E6F2DA5C-D462-44A7-95EA-FE16444933CE}"
EndProject
Project("{FAE04EC0-301F-11D3-BF4B-00C04F79EFBC}") = "Entities", "Entities\Entities.csproj", "{B6DF7648-2183-425E-A166-F6F23ACA80F0}"
EndProject
Project("{FAE04EC0-301F-11D3-BF4B-00C04F79EFBC}") = "Infra", "Infra\Infra.csproj", "{511E7648-5818-4050-A585-5A1AB3C1C37B}"
EndProject
Project("{FAE04EC0-301F-11D3-BF4B-00C04F79EFBC}") = "Domain", "Domain\Domain.csproj", "{6498F1F0-C26A-4FE6-A15D-37E5EEFC81F5}"
EndProject
Project("{2150E333-8FDC-42A3-9474-1A3956D46DE8}") = "6 - Shared", "6 - Shared", "{7ADD0287-9AC3-4CF6-B984-72A1A5D91220}"
EndProject
Project("{FAE04EC0-301F-11D3-BF4B-00C04F79EFBC}") = "Shared", "Shared\Shared.csproj", "{F57D04DF-F2D7-43CE-B211-5568C85BD43A}"
EndProject
Project("{FAE04EC0-301F-11D3-BF4B-00C04F79EFBC}") = "Helpers", "Helpers\Helpers.csproj", "{90A7390A-038C-4274-9F13-DA251B034BA2}"
EndProject
Global
	GlobalSection(SolutionConfigurationPlatforms) = preSolution
		Debug|Any CPU = Debug|Any CPU
		Release|Any CPU = Release|Any CPU
	EndGlobalSection
	GlobalSection(ProjectConfigurationPlatforms) = postSolution
		{C5C9DB40-CECD-4F25-B832-53CC92C67DA2}.Debug|Any CPU.ActiveCfg = Debug|Any CPU
		{C5C9DB40-CECD-4F25-B832-53CC92C67DA2}.Debug|Any CPU.Build.0 = Debug|Any CPU
		{C5C9DB40-CECD-4F25-B832-53CC92C67DA2}.Release|Any CPU.ActiveCfg = Release|Any CPU
		{C5C9DB40-CECD-4F25-B832-53CC92C67DA2}.Release|Any CPU.Build.0 = Release|Any CPU
		{B6DF7648-2183-425E-A166-F6F23ACA80F0}.Debug|Any CPU.ActiveCfg = Debug|Any CPU
		{B6DF7648-2183-425E-A166-F6F23ACA80F0}.Debug|Any CPU.Build.0 = Debug|Any CPU
		{B6DF7648-2183-425E-A166-F6F23ACA80F0}.Release|Any CPU.ActiveCfg = Release|Any CPU
		{B6DF7648-2183-425E-A166-F6F23ACA80F0}.Release|Any CPU.Build.0 = Release|Any CPU
		{511E7648-5818-4050-A585-5A1AB3C1C37B}.Debug|Any CPU.ActiveCfg = Debug|Any CPU
		{511E7648-5818-4050-A585-5A1AB3C1C37B}.Debug|Any CPU.Build.0 = Debug|Any CPU
		{511E7648-5818-4050-A585-5A1AB3C1C37B}.Release|Any CPU.ActiveCfg = Release|Any CPU
		{511E7648-5818-4050-A585-5A1AB3C1C37B}.Release|Any CPU.Build.0 = Release|Any CPU
		{6498F1F0-C26A-4FE6-A15D-37E5EEFC81F5}.Debug|Any CPU.ActiveCfg = Debug|Any CPU
		{6498F1F0-C26A-4FE6-A15D-37E5EEFC81F5}.Debug|Any CPU.Build.0 = Debug|Any CPU
		{6498F1F0-C26A-4FE6-A15D-37E5EEFC81F5}.Release|Any CPU.ActiveCfg = Release|Any CPU
		{6498F1F0-C26A-4FE6-A15D-37E5EEFC81F5}.Release|Any CPU.Build.0 = Release|Any CPU
		{F57D04DF-F2D7-43CE-B211-5568C85BD43A}.Debug|Any CPU.ActiveCfg = Debug|Any CPU
		{F57D04DF-F2D7-43CE-B211-5568C85BD43A}.Debug|Any CPU.Build.0 = Debug|Any CPU
		{F57D04DF-F2D7-43CE-B211-5568C85BD43A}.Release|Any CPU.ActiveCfg = Release|Any CPU
		{F57D04DF-F2D7-43CE-B211-5568C85BD43A}.Release|Any CPU.Build.0 = Release|Any CPU
		{90A7390A-038C-4274-9F13-DA251B034BA2}.Debug|Any CPU.ActiveCfg = Debug|Any CPU
		{90A7390A-038C-4274-9F13-DA251B034BA2}.Debug|Any CPU.Build.0 = Debug|Any CPU
		{90A7390A-038C-4274-9F13-DA251B034BA2}.Release|Any CPU.ActiveCfg = Release|Any CPU
		{90A7390A-038C-4274-9F13-DA251B034BA2}.Release|Any CPU.Build.0 = Release|Any CPU
	EndGlobalSection
	GlobalSection(SolutionProperties) = preSolution
		HideSolutionNode = FALSE
	EndGlobalSection
	GlobalSection(NestedProjects) = preSolution
		{C5C9DB40-CECD-4F25-B832-53CC92C67DA2} = {65B76C86-E39D-4287-850D-1B7A4AC7FD3A}
		{B6DF7648-2183-425E-A166-F6F23ACA80F0} = {AFF6B4D7-4A00-48B6-A18E-AC6DBA0AD916}
		{511E7648-5818-4050-A585-5A1AB3C1C37B} = {6DCB0EAA-9C1E-4338-9DE7-9F1525496020}
		{6498F1F0-C26A-4FE6-A15D-37E5EEFC81F5} = {0FF39524-3AA5-47CC-81B0-9F789664D7A9}
		{F57D04DF-F2D7-43CE-B211-5568C85BD43A} = {7ADD0287-9AC3-4CF6-B984-72A1A5D91220}
		{90A7390A-038C-4274-9F13-DA251B034BA2} = {E6F2DA5C-D462-44A7-95EA-FE16444933CE}
	EndGlobalSection
	GlobalSection(ExtensibilityGlobals) = postSolution
		SolutionGuid = {8E736D77-C3B1-45DB-B337-9F54CB0586F7}
	EndGlobalSection
EndGlobal
